
Microsoft Visual Studio Solution File, Format Version 12.00
# Visual Studio Version 17
VisualStudioVersion = 17.4.33122.133
MinimumVisualStudioVersion = 10.0.40219.1
Project("{FAE04EC0-301F-11D3-BF4B-00C04F79EFBC}") = "Interface00", "Interface00.csproj", "{62EB1ED9-0B9A-4F0A-896A-B12F954EC42A}"
EndProject
Global
	GlobalSection(SolutionConfigurationPlatforms) = preSolution
		Debug|Any CPU = Debug|Any CPU
		Release|Any CPU = Release|Any CPU
	EndGlobalSection
	GlobalSection(ProjectConfigurationPlatforms) = postSolution
		{62EB1ED9-0B9A-4F0A-896A-B12F954EC42A}.Debug|Any CPU.ActiveCfg = Debug|Any CPU
		{62EB1ED9-0B9A-4F0A-896A-B12F954EC42A}.Debug|Any CPU.Build.0 = Debug|Any CPU
		{62EB1ED9-0B9A-4F0A-896A-B12F954EC42A}.Release|Any CPU.ActiveCfg = Release|Any CPU
		{62EB1ED9-0B9A-4F0A-896A-B12F954EC42A}.Release|Any CPU.Build.0 = Release|Any CPU
	EndGlobalSection
	GlobalSection(SolutionProperties) = preSolution
		HideSolutionNode = FALSE
	EndGlobalSection
	GlobalSection(ExtensibilityGlobals) = postSolution
		SolutionGuid = {78872495-0D95-48EC-BFE0-FE89DB7D9FBE}
	EndGlobalSection
EndGlobal
